
Microsoft Visual Studio Solution File, Format Version 11.00
# Visual Studio 2010
Project("{FAE04EC0-301F-11D3-BF4B-00C04F79EFBC}") = "Chapter4_MarkupExtensions", "Chapter4_MarkupExtensions\Chapter4_MarkupExtensions.csproj", "{1AA024AE-8A4F-4C8B-8B14-02E833B2DFF2}"
EndProject
Global
	GlobalSection(SolutionConfigurationPlatforms) = preSolution
		Debug|x86 = Debug|x86
		Release|x86 = Release|x86
	EndGlobalSection
	GlobalSection(ProjectConfigurationPlatforms) = postSolution
		{1AA024AE-8A4F-4C8B-8B14-02E833B2DFF2}.Debug|x86.ActiveCfg = Debug|x86
		{1AA024AE-8A4F-4C8B-8B14-02E833B2DFF2}.Debug|x86.Build.0 = Debug|x86
		{1AA024AE-8A4F-4C8B-8B14-02E833B2DFF2}.Release|x86.ActiveCfg = Release|x86
		{1AA024AE-8A4F-4C8B-8B14-02E833B2DFF2}.Release|x86.Build.0 = Release|x86
	EndGlobalSection
	GlobalSection(SolutionProperties) = preSolution
		HideSolutionNode = FALSE
	EndGlobalSection
EndGlobal
