
Microsoft Visual Studio Solution File, Format Version 12.00
# Visual Studio 2012
Project("{FAE04EC0-301F-11D3-BF4B-00C04F79EFBC}") = "Chapter06_EssentialTools", "Chapter06_EssentialTools\Chapter06_EssentialTools.csproj", "{C7E19F3D-BF4B-4101-B98E-6600E3C73947}"
EndProject
Project("{FAE04EC0-301F-11D3-BF4B-00C04F79EFBC}") = "Chapter06_EssentialTools.Tests", "Chapter06_EssentialTools.Tests\Chapter06_EssentialTools.Tests.csproj", "{800F08A1-0A24-49F9-8EEB-52B5666A78F5}"
EndProject
Global
	GlobalSection(SolutionConfigurationPlatforms) = preSolution
		Debug|Any CPU = Debug|Any CPU
		Release|Any CPU = Release|Any CPU
	EndGlobalSection
	GlobalSection(ProjectConfigurationPlatforms) = postSolution
		{C7E19F3D-BF4B-4101-B98E-6600E3C73947}.Debug|Any CPU.ActiveCfg = Debug|Any CPU
		{C7E19F3D-BF4B-4101-B98E-6600E3C73947}.Debug|Any CPU.Build.0 = Debug|Any CPU
		{C7E19F3D-BF4B-4101-B98E-6600E3C73947}.Release|Any CPU.ActiveCfg = Release|Any CPU
		{C7E19F3D-BF4B-4101-B98E-6600E3C73947}.Release|Any CPU.Build.0 = Release|Any CPU
		{800F08A1-0A24-49F9-8EEB-52B5666A78F5}.Debug|Any CPU.ActiveCfg = Debug|Any CPU
		{800F08A1-0A24-49F9-8EEB-52B5666A78F5}.Debug|Any CPU.Build.0 = Debug|Any CPU
		{800F08A1-0A24-49F9-8EEB-52B5666A78F5}.Release|Any CPU.ActiveCfg = Release|Any CPU
		{800F08A1-0A24-49F9-8EEB-52B5666A78F5}.Release|Any CPU.Build.0 = Release|Any CPU
	EndGlobalSection
	GlobalSection(SolutionProperties) = preSolution
		HideSolutionNode = FALSE
	EndGlobalSection
EndGlobal
