
Microsoft Visual Studio Solution File, Format Version 11.00
# Visual Studio 2010
Project("{FAE04EC0-301F-11D3-BF4B-00C04F79EFBC}") = "WP7Calculator", "WP7Calculator\WP7Calculator.csproj", "{100704DC-B9EE-4F1A-BA6E-7235DFBDC7D3}"
EndProject
Global
	GlobalSection(SolutionConfigurationPlatforms) = preSolution
		Debug|Any CPU = Debug|Any CPU
		Release|Any CPU = Release|Any CPU
	EndGlobalSection
	GlobalSection(ProjectConfigurationPlatforms) = postSolution
		{100704DC-B9EE-4F1A-BA6E-7235DFBDC7D3}.Debug|Any CPU.ActiveCfg = Debug|Any CPU
		{100704DC-B9EE-4F1A-BA6E-7235DFBDC7D3}.Debug|Any CPU.Build.0 = Debug|Any CPU
		{100704DC-B9EE-4F1A-BA6E-7235DFBDC7D3}.Debug|Any CPU.Deploy.0 = Debug|Any CPU
		{100704DC-B9EE-4F1A-BA6E-7235DFBDC7D3}.Release|Any CPU.ActiveCfg = Release|Any CPU
		{100704DC-B9EE-4F1A-BA6E-7235DFBDC7D3}.Release|Any CPU.Build.0 = Release|Any CPU
		{100704DC-B9EE-4F1A-BA6E-7235DFBDC7D3}.Release|Any CPU.Deploy.0 = Release|Any CPU
	EndGlobalSection
	GlobalSection(SolutionProperties) = preSolution
		HideSolutionNode = FALSE
	EndGlobalSection
EndGlobal
