
Microsoft Visual Studio Solution File, Format Version 11.00
# Visual Studio 2010
Project("{FAE04EC0-301F-11D3-BF4B-00C04F79EFBC}") = "Chapter6_Buttons", "Chapter6_Buttons\Chapter6_Buttons.csproj", "{86985F35-0344-4DC9-BE0F-A9C5D1B7FB85}"
EndProject
Global
	GlobalSection(SolutionConfigurationPlatforms) = preSolution
		Debug|x86 = Debug|x86
		Release|x86 = Release|x86
	EndGlobalSection
	GlobalSection(ProjectConfigurationPlatforms) = postSolution
		{86985F35-0344-4DC9-BE0F-A9C5D1B7FB85}.Debug|x86.ActiveCfg = Debug|x86
		{86985F35-0344-4DC9-BE0F-A9C5D1B7FB85}.Debug|x86.Build.0 = Debug|x86
		{86985F35-0344-4DC9-BE0F-A9C5D1B7FB85}.Release|x86.ActiveCfg = Release|x86
		{86985F35-0344-4DC9-BE0F-A9C5D1B7FB85}.Release|x86.Build.0 = Release|x86
	EndGlobalSection
	GlobalSection(SolutionProperties) = preSolution
		HideSolutionNode = FALSE
	EndGlobalSection
EndGlobal
